
Microsoft Visual Studio Solution File, Format Version 10.00
# Visual C++ Express 2008
Project("{8BC9CEB8-8B4A-11D0-8D11-00A0C91BC942}") = "area", "area.vcproj", "{25834132-FB6C-41C4-BFB2-F7A964E06153}"
EndProject
Global
	GlobalSection(SolutionConfigurationPlatforms) = preSolution
		Debug|Win32 = Debug|Win32
		Release|Win32 = Release|Win32
	EndGlobalSection
	GlobalSection(ProjectConfigurationPlatforms) = postSolution
		{25834132-FB6C-41C4-BFB2-F7A964E06153}.Debug|Win32.ActiveCfg = Debug|Win32
		{25834132-FB6C-41C4-BFB2-F7A964E06153}.Debug|Win32.Build.0 = Debug|Win32
		{25834132-FB6C-41C4-BFB2-F7A964E06153}.Release|Win32.ActiveCfg = Release|Win32
		{25834132-FB6C-41C4-BFB2-F7A964E06153}.Release|Win32.Build.0 = Release|Win32
	EndGlobalSection
	GlobalSection(SolutionProperties) = preSolution
		HideSolutionNode = FALSE
	EndGlobalSection
EndGlobal
